// !$*UTF8*$!
{
	archiveVersion = 1;
	classes = {
	};
	objectVersion = 56;
	objects = {

/* Begin PBXBuildFile section */
		3A5DCBA72BA39A96009D14E8 /* SampleKMMIOSAppApp.swift in Sources */ = {isa = PBXBuildFile; fileRef = 3A5DCBA62BA39A96009D14E8 /* SampleKMMIOSAppApp.swift */; };
		3A5DCBA92BA39A96009D14E8 /* ContentView.swift in Sources */ = {isa = PBXBuildFile; fileRef = 3A5DCBA82BA39A96009D14E8 /* ContentView.swift */; };
		3A5DCBAB2BA39A97009D14E8 /* Assets.xcassets in Resources */ = {isa = PBXBuildFile; fileRef = 3A5DCBAA2BA39A97009D14E8 /* Assets.xcassets */; };
		3A5DCBAE2BA39A97009D14E8 /* Preview Assets.xcassets in Resources */ = {isa = PBXBuildFile; fileRef = 3A5DCBAD2BA39A97009D14E8 /* Preview Assets.xcassets */; };
		3A5DCBB82BA39A98009D14E8 /* SampleKMMIOSAppTests.swift in Sources */ = {isa = PBXBuildFile; fileRef = 3A5DCBB72BA39A98009D14E8 /* SampleKMMIOSAppTests.swift */; };
		3A5DCBC22BA39A98009D14E8 /* SampleKMMIOSAppUITests.swift in Sources */ = {isa = PBXBuildFile; fileRef = 3A5DCBC12BA39A98009D14E8 /* SampleKMMIOSAppUITests.swift */; };
		3A5DCBC42BA39A98009D14E8 /* SampleKMMIOSAppUITestsLaunchTests.swift in Sources */ = {isa = PBXBuildFile; fileRef = 3A5DCBC32BA39A98009D14E8 /* SampleKMMIOSAppUITestsLaunchTests.swift */; };
		3A5DCBD62BA3E4C6009D14E8 /* logging.xcframework in Frameworks */ = {isa = PBXBuildFile; fileRef = 3A5DCBD52BA3E4C6009D14E8 /* logging.xcframework */; };
		3A5DCBD72BA3E4C6009D14E8 /* logging.xcframework in Embed Frameworks */ = {isa = PBXBuildFile; fileRef = 3A5DCBD52BA3E4C6009D14E8 /* logging.xcframework */; settings = {ATTRIBUTES = (CodeSignOnCopy, RemoveHeadersOnCopy, ); }; };
/* End PBXBuildFile section */

/* Begin PBXContainerItemProxy section */
		3A5DCBB42BA39A98009D14E8 /* PBXContainerItemProxy */ = {
			isa = PBXContainerItemProxy;
			containerPortal = 3A5DCB9B2BA39A96009D14E8 /* Project object */;
			proxyType = 1;
			remoteGlobalIDString = 3A5DCBA22BA39A96009D14E8;
			remoteInfo = SampleKMMIOSApp;
		};
		3A5DCBBE2BA39A98009D14E8 /* PBXContainerItemProxy */ = {
			isa = PBXContainerItemProxy;
			containerPortal = 3A5DCB9B2BA39A96009D14E8 /* Project object */;
			proxyType = 1;
			remoteGlobalIDString = 3A5DCBA22BA39A96009D14E8;
			remoteInfo = SampleKMMIOSApp;
		};
/* End PBXContainerItemProxy section */

/* Begin PBXCopyFilesBuildPhase section */
		3A5DCBD82BA3E4C6009D14E8 /* Embed Frameworks */ = {
			isa = PBXCopyFilesBuildPhase;
			buildActionMask = 2147483647;
			dstPath = "";
			dstSubfolderSpec = 10;
			files = (
				3A5DCBD72BA3E4C6009D14E8 /* logging.xcframework in Embed Frameworks */,
			);
			name = "Embed Frameworks";
			runOnlyForDeploymentPostprocessing = 0;
		};
/* End PBXCopyFilesBuildPhase section */

/* Begin PBXFileReference section */
		3A5DCBA32BA39A96009D14E8 /* SampleKMMIOSApp.app */ = {isa = PBXFileReference; explicitFileType = wrapper.application; includeInIndex = 0; path = SampleKMMIOSApp.app; sourceTree = BUILT_PRODUCTS_DIR; };
		3A5DCBA62BA39A96009D14E8 /* SampleKMMIOSAppApp.swift */ = {isa = PBXFileReference; lastKnownFileType = sourcecode.swift; path = SampleKMMIOSAppApp.swift; sourceTree = "<group>"; };
		3A5DCBA82BA39A96009D14E8 /* ContentView.swift */ = {isa = PBXFileReference; lastKnownFileType = sourcecode.swift; path = ContentView.swift; sourceTree = "<group>"; };
		3A5DCBAA2BA39A97009D14E8 /* Assets.xcassets */ = {isa = PBXFileReference; lastKnownFileType = folder.assetcatalog; path = Assets.xcassets; sourceTree = "<group>"; };
		3A5DCBAD2BA39A97009D14E8 /* Preview Assets.xcassets */ = {isa = PBXFileReference; lastKnownFileType = folder.assetcatalog; path = "Preview Assets.xcassets"; sourceTree = "<group>"; };
		3A5DCBB32BA39A98009D14E8 /* SampleKMMIOSAppTests.xctest */ = {isa = PBXFileReference; explicitFileType = wrapper.cfbundle; includeInIndex = 0; path = SampleKMMIOSAppTests.xctest; sourceTree = BUILT_PRODUCTS_DIR; };
		3A5DCBB72BA39A98009D14E8 /* SampleKMMIOSAppTests.swift */ = {isa = PBXFileReference; lastKnownFileType = sourcecode.swift; path = SampleKMMIOSAppTests.swift; sourceTree = "<group>"; };
		3A5DCBBD2BA39A98009D14E8 /* SampleKMMIOSAppUITests.xctest */ = {isa = PBXFileReference; explicitFileType = wrapper.cfbundle; includeInIndex = 0; path = SampleKMMIOSAppUITests.xctest; sourceTree = BUILT_PRODUCTS_DIR; };
		3A5DCBC12BA39A98009D14E8 /* SampleKMMIOSAppUITests.swift */ = {isa = PBXFileReference; lastKnownFileType = sourcecode.swift; path = SampleKMMIOSAppUITests.swift; sourceTree = "<group>"; };
		3A5DCBC32BA39A98009D14E8 /* SampleKMMIOSAppUITestsLaunchTests.swift */ = {isa = PBXFileReference; lastKnownFileType = sourcecode.swift; path = SampleKMMIOSAppUITestsLaunchTests.swift; sourceTree = "<group>"; };
		3A5DCBD12BA39B41009D14E8 /* logging.xcframework */ = {isa = PBXFileReference; lastKnownFileType = wrapper.xcframework; name = logging.xcframework; path = "../forgerock-android-sdk/logging/build/XCFrameworks/debug/logging.xcframework"; sourceTree = "<group>"; };
		3A5DCBD52BA3E4C6009D14E8 /* logging.xcframework */ = {isa = PBXFileReference; lastKnownFileType = wrapper.xcframework; name = logging.xcframework; path = ../../logging/build/XCFrameworks/debug/logging.xcframework; sourceTree = "<group>"; };
/* End PBXFileReference section */

/* Begin PBXFrameworksBuildPhase section */
		3A5DCBA02BA39A96009D14E8 /* Frameworks */ = {
			isa = PBXFrameworksBuildPhase;
			buildActionMask = 2147483647;
			files = (
				3A5DCBD62BA3E4C6009D14E8 /* logging.xcframework in Frameworks */,
			);
			runOnlyForDeploymentPostprocessing = 0;
		};
		3A5DCBB02BA39A98009D14E8 /* Frameworks */ = {
			isa = PBXFrameworksBuildPhase;
			buildActionMask = 2147483647;
			files = (
			);
			runOnlyForDeploymentPostprocessing = 0;
		};
		3A5DCBBA2BA39A98009D14E8 /* Frameworks */ = {
			isa = PBXFrameworksBuildPhase;
			buildActionMask = 2147483647;
			files = (
			);
			runOnlyForDeploymentPostprocessing = 0;
		};
/* End PBXFrameworksBuildPhase section */

/* Begin PBXGroup section */
		3A5DCB9A2BA39A96009D14E8 = {
			isa = PBXGroup;
			children = (
				3A5DCBA52BA39A96009D14E8 /* SampleKMMIOSApp */,
				3A5DCBB62BA39A98009D14E8 /* SampleKMMIOSAppTests */,
				3A5DCBC02BA39A98009D14E8 /* SampleKMMIOSAppUITests */,
				3A5DCBA42BA39A96009D14E8 /* Products */,
				3A5DCBD02BA39B41009D14E8 /* Frameworks */,
			);
			sourceTree = "<group>";
		};
		3A5DCBA42BA39A96009D14E8 /* Products */ = {
			isa = PBXGroup;
			children = (
				3A5DCBA32BA39A96009D14E8 /* SampleKMMIOSApp.app */,
				3A5DCBB32BA39A98009D14E8 /* SampleKMMIOSAppTests.xctest */,
				3A5DCBBD2BA39A98009D14E8 /* SampleKMMIOSAppUITests.xctest */,
			);
			name = Products;
			sourceTree = "<group>";
		};
		3A5DCBA52BA39A96009D14E8 /* SampleKMMIOSApp */ = {
			isa = PBXGroup;
			children = (
				3A5DCBA62BA39A96009D14E8 /* SampleKMMIOSAppApp.swift */,
				3A5DCBA82BA39A96009D14E8 /* ContentView.swift */,
				3A5DCBAA2BA39A97009D14E8 /* Assets.xcassets */,
				3A5DCBAC2BA39A97009D14E8 /* Preview Content */,
			);
			path = SampleKMMIOSApp;
			sourceTree = "<group>";
		};
		3A5DCBAC2BA39A97009D14E8 /* Preview Content */ = {
			isa = PBXGroup;
			children = (
				3A5DCBAD2BA39A97009D14E8 /* Preview Assets.xcassets */,
			);
			path = "Preview Content";
			sourceTree = "<group>";
		};
		3A5DCBB62BA39A98009D14E8 /* SampleKMMIOSAppTests */ = {
			isa = PBXGroup;
			children = (
				3A5DCBB72BA39A98009D14E8 /* SampleKMMIOSAppTests.swift */,
			);
			path = SampleKMMIOSAppTests;
			sourceTree = "<group>";
		};
		3A5DCBC02BA39A98009D14E8 /* SampleKMMIOSAppUITests */ = {
			isa = PBXGroup;
			children = (
				3A5DCBC12BA39A98009D14E8 /* SampleKMMIOSAppUITests.swift */,
				3A5DCBC32BA39A98009D14E8 /* SampleKMMIOSAppUITestsLaunchTests.swift */,
			);
			path = SampleKMMIOSAppUITests;
			sourceTree = "<group>";
		};
		3A5DCBD02BA39B41009D14E8 /* Frameworks */ = {
			isa = PBXGroup;
			children = (
				3A5DCBD52BA3E4C6009D14E8 /* logging.xcframework */,
				3A5DCBD12BA39B41009D14E8 /* logging.xcframework */,
			);
			name = Frameworks;
			sourceTree = "<group>";
		};
/* End PBXGroup section */

/* Begin PBXNativeTarget section */
		3A5DCBA22BA39A96009D14E8 /* SampleKMMIOSApp */ = {
			isa = PBXNativeTarget;
			buildConfigurationList = 3A5DCBC72BA39A98009D14E8 /* Build configuration list for PBXNativeTarget "SampleKMMIOSApp" */;
			buildPhases = (
				3A5DCB9F2BA39A96009D14E8 /* Sources */,
				3A5DCBA02BA39A96009D14E8 /* Frameworks */,
				3A5DCBA12BA39A96009D14E8 /* Resources */,
				3A5DCBD82BA3E4C6009D14E8 /* Embed Frameworks */,
			);
			buildRules = (
			);
			dependencies = (
			);
			name = SampleKMMIOSApp;
			productName = SampleKMMIOSApp;
			productReference = 3A5DCBA32BA39A96009D14E8 /* SampleKMMIOSApp.app */;
			productType = "com.apple.product-type.application";
		};
		3A5DCBB22BA39A98009D14E8 /* SampleKMMIOSAppTests */ = {
			isa = PBXNativeTarget;
			buildConfigurationList = 3A5DCBCA2BA39A98009D14E8 /* Build configuration list for PBXNativeTarget "SampleKMMIOSAppTests" */;
			buildPhases = (
				3A5DCBAF2BA39A98009D14E8 /* Sources */,
				3A5DCBB02BA39A98009D14E8 /* Frameworks */,
				3A5DCBB12BA39A98009D14E8 /* Resources */,
			);
			buildRules = (
			);
			dependencies = (
				3A5DCBB52BA39A98009D14E8 /* PBXTargetDependency */,
			);
			name = SampleKMMIOSAppTests;
			productName = SampleKMMIOSAppTests;
			productReference = 3A5DCBB32BA39A98009D14E8 /* SampleKMMIOSAppTests.xctest */;
			productType = "com.apple.product-type.bundle.unit-test";
		};
		3A5DCBBC2BA39A98009D14E8 /* SampleKMMIOSAppUITests */ = {
			isa = PBXNativeTarget;
			buildConfigurationList = 3A5DCBCD2BA39A98009D14E8 /* Build configuration list for PBXNativeTarget "SampleKMMIOSAppUITests" */;
			buildPhases = (
				3A5DCBB92BA39A98009D14E8 /* Sources */,
				3A5DCBBA2BA39A98009D14E8 /* Frameworks */,
				3A5DCBBB2BA39A98009D14E8 /* Resources */,
			);
			buildRules = (
			);
			dependencies = (
				3A5DCBBF2BA39A98009D14E8 /* PBXTargetDependency */,
			);
			name = SampleKMMIOSAppUITests;
			productName = SampleKMMIOSAppUITests;
			productReference = 3A5DCBBD2BA39A98009D14E8 /* SampleKMMIOSAppUITests.xctest */;
			productType = "com.apple.product-type.bundle.ui-testing";
		};
/* End PBXNativeTarget section */

/* Begin PBXProject section */
		3A5DCB9B2BA39A96009D14E8 /* Project object */ = {
			isa = PBXProject;
			attributes = {
				BuildIndependentTargetsInParallel = 1;
				LastSwiftUpdateCheck = 1500;
				LastUpgradeCheck = 1500;
				TargetAttributes = {
					3A5DCBA22BA39A96009D14E8 = {
						CreatedOnToolsVersion = 15.0;
					};
					3A5DCBB22BA39A98009D14E8 = {
						CreatedOnToolsVersion = 15.0;
						TestTargetID = 3A5DCBA22BA39A96009D14E8;
					};
					3A5DCBBC2BA39A98009D14E8 = {
						CreatedOnToolsVersion = 15.0;
						TestTargetID = 3A5DCBA22BA39A96009D14E8;
					};
				};
			};
			buildConfigurationList = 3A5DCB9E2BA39A96009D14E8 /* Build configuration list for PBXProject "SampleKMMIOSApp" */;
			compatibilityVersion = "Xcode 14.0";
			developmentRegion = en;
			hasScannedForEncodings = 0;
			knownRegions = (
				en,
				Base,
			);
			mainGroup = 3A5DCB9A2BA39A96009D14E8;
			productRefGroup = 3A5DCBA42BA39A96009D14E8 /* Products */;
			projectDirPath = "";
			projectRoot = "";
			targets = (
				3A5DCBA22BA39A96009D14E8 /* SampleKMMIOSApp */,
				3A5DCBB22BA39A98009D14E8 /* SampleKMMIOSAppTests */,
				3A5DCBBC2BA39A98009D14E8 /* SampleKMMIOSAppUITests */,
			);
		};
/* End PBXProject section */

/* Begin PBXResourcesBuildPhase section */
		3A5DCBA12BA39A96009D14E8 /* Resources */ = {
			isa = PBXResourcesBuildPhase;
			buildActionMask = 2147483647;
			files = (
				3A5DCBAE2BA39A97009D14E8 /* Preview Assets.xcassets in Resources */,
				3A5DCBAB2BA39A97009D14E8 /* Assets.xcassets in Resources */,
			);
			runOnlyForDeploymentPostprocessing = 0;
		};
		3A5DCBB12BA39A98009D14E8 /* Resources */ = {
			isa = PBXResourcesBuildPhase;
			buildActionMask = 2147483647;
			files = (
			);
			runOnlyForDeploymentPostprocessing = 0;
		};
		3A5DCBBB2BA39A98009D14E8 /* Resources */ = {
			isa = PBXResourcesBuildPhase;
			buildActionMask = 2147483647;
			files = (
			);
			runOnlyForDeploymentPostprocessing = 0;
		};
/* End PBXResourcesBuildPhase section */

/* Begin PBXSourcesBuildPhase section */
		3A5DCB9F2BA39A96009D14E8 /* Sources */ = {
			isa = PBXSourcesBuildPhase;
			buildActionMask = 2147483647;
			files = (
				3A5DCBA92BA39A96009D14E8 /* ContentView.swift in Sources */,
				3A5DCBA72BA39A96009D14E8 /* SampleKMMIOSAppApp.swift in Sources */,
			);
			runOnlyForDeploymentPostprocessing = 0;
		};
		3A5DCBAF2BA39A98009D14E8 /* Sources */ = {
			isa = PBXSourcesBuildPhase;
			buildActionMask = 2147483647;
			files = (
				3A5DCBB82BA39A98009D14E8 /* SampleKMMIOSAppTests.swift in Sources */,
			);
			runOnlyForDeploymentPostprocessing = 0;
		};
		3A5DCBB92BA39A98009D14E8 /* Sources */ = {
			isa = PBXSourcesBuildPhase;
			buildActionMask = 2147483647;
			files = (
				3A5DCBC42BA39A98009D14E8 /* SampleKMMIOSAppUITestsLaunchTests.swift in Sources */,
				3A5DCBC22BA39A98009D14E8 /* SampleKMMIOSAppUITests.swift in Sources */,
			);
			runOnlyForDeploymentPostprocessing = 0;
		};
/* End PBXSourcesBuildPhase section */

/* Begin PBXTargetDependency section */
		3A5DCBB52BA39A98009D14E8 /* PBXTargetDependency */ = {
			isa = PBXTargetDependency;
			target = 3A5DCBA22BA39A96009D14E8 /* SampleKMMIOSApp */;
			targetProxy = 3A5DCBB42BA39A98009D14E8 /* PBXContainerItemProxy */;
		};
		3A5DCBBF2BA39A98009D14E8 /* PBXTargetDependency */ = {
			isa = PBXTargetDependency;
			target = 3A5DCBA22BA39A96009D14E8 /* SampleKMMIOSApp */;
			targetProxy = 3A5DCBBE2BA39A98009D14E8 /* PBXContainerItemProxy */;
		};
/* End PBXTargetDependency section */

/* Begin XCBuildConfiguration section */
		3A5DCBC52BA39A98009D14E8 /* Debug */ = {
			isa = XCBuildConfiguration;
			buildSettings = {
				ALWAYS_SEARCH_USER_PATHS = NO;
				ASSETCATALOG_COMPILER_GENERATE_SWIFT_ASSET_SYMBOL_EXTENSIONS = YES;
				CLANG_ANALYZER_NONNULL = YES;
				CLANG_ANALYZER_NUMBER_OBJECT_CONVERSION = YES_AGGRESSIVE;
				CLANG_CXX_LANGUAGE_STANDARD = "gnu++20";
				CLANG_ENABLE_MODULES = YES;
				CLANG_ENABLE_OBJC_ARC = YES;
				CLANG_ENABLE_OBJC_WEAK = YES;
				CLANG_WARN_BLOCK_CAPTURE_AUTORELEASING = YES;
				CLANG_WARN_BOOL_CONVERSION = YES;
				CLANG_WARN_COMMA = YES;
				CLANG_WARN_CONSTANT_CONVERSION = YES;
				CLANG_WARN_DEPRECATED_OBJC_IMPLEMENTATIONS = YES;
				CLANG_WARN_DIRECT_OBJC_ISA_USAGE = YES_ERROR;
				CLANG_WARN_DOCUMENTATION_COMMENTS = YES;
				CLANG_WARN_EMPTY_BODY = YES;
				CLANG_WARN_ENUM_CONVERSION = YES;
				CLANG_WARN_INFINITE_RECURSION = YES;
				CLANG_WARN_INT_CONVERSION = YES;
				CLANG_WARN_NON_LITERAL_NULL_CONVERSION = YES;
				CLANG_WARN_OBJC_IMPLICIT_RETAIN_SELF = YES;
				CLANG_WARN_OBJC_LITERAL_CONVERSION = YES;
				CLANG_WARN_OBJC_ROOT_CLASS = YES_ERROR;
				CLANG_WARN_QUOTED_INCLUDE_IN_FRAMEWORK_HEADER = YES;
				CLANG_WARN_RANGE_LOOP_ANALYSIS = YES;
				CLANG_WARN_STRICT_PROTOTYPES = YES;
				CLANG_WARN_SUSPICIOUS_MOVE = YES;
				CLANG_WARN_UNGUARDED_AVAILABILITY = YES_AGGRESSIVE;
				CLANG_WARN_UNREACHABLE_CODE = YES;
				CLANG_WARN__DUPLICATE_METHOD_MATCH = YES;
				COPY_PHASE_STRIP = NO;
				DEBUG_INFORMATION_FORMAT = dwarf;
				ENABLE_STRICT_OBJC_MSGSEND = YES;
				ENABLE_TESTABILITY = YES;
				ENABLE_USER_SCRIPT_SANDBOXING = YES;
				GCC_C_LANGUAGE_STANDARD = gnu17;
				GCC_DYNAMIC_NO_PIC = NO;
				GCC_NO_COMMON_BLOCKS = YES;
				GCC_OPTIMIZATION_LEVEL = 0;
				GCC_PREPROCESSOR_DEFINITIONS = (
					"DEBUG=1",
					"$(inherited)",
				);
				GCC_WARN_64_TO_32_BIT_CONVERSION = YES;
				GCC_WARN_ABOUT_RETURN_TYPE = YES_ERROR;
				GCC_WARN_UNDECLARED_SELECTOR = YES;
				GCC_WARN_UNINITIALIZED_AUTOS = YES_AGGRESSIVE;
				GCC_WARN_UNUSED_FUNCTION = YES;
				GCC_WARN_UNUSED_VARIABLE = YES;
				IPHONEOS_DEPLOYMENT_TARGET = 15.0;
				LOCALIZATION_PREFERS_STRING_CATALOGS = YES;
				MTL_ENABLE_DEBUG_INFO = INCLUDE_SOURCE;
				MTL_FAST_MATH = YES;
				ONLY_ACTIVE_ARCH = YES;
				SDKROOT = iphoneos;
				SWIFT_ACTIVE_COMPILATION_CONDITIONS = "DEBUG $(inherited)";
				SWIFT_OPTIMIZATION_LEVEL = "-Onone";
			};
			name = Debug;
		};
		3A5DCBC62BA39A98009D14E8 /* Release */ = {
			isa = XCBuildConfiguration;
			buildSettings = {
				ALWAYS_SEARCH_USER_PATHS = NO;
				ASSETCATALOG_COMPILER_GENERATE_SWIFT_ASSET_SYMBOL_EXTENSIONS = YES;
				CLANG_ANALYZER_NONNULL = YES;
				CLANG_ANALYZER_NUMBER_OBJECT_CONVERSION = YES_AGGRESSIVE;
				CLANG_CXX_LANGUAGE_STANDARD = "gnu++20";
				CLANG_ENABLE_MODULES = YES;
				CLANG_ENABLE_OBJC_ARC = YES;
				CLANG_ENABLE_OBJC_WEAK = YES;
				CLANG_WARN_BLOCK_CAPTURE_AUTORELEASING = YES;
				CLANG_WARN_BOOL_CONVERSION = YES;
				CLANG_WARN_COMMA = YES;
				CLANG_WARN_CONSTANT_CONVERSION = YES;
				CLANG_WARN_DEPRECATED_OBJC_IMPLEMENTATIONS = YES;
				CLANG_WARN_DIRECT_OBJC_ISA_USAGE = YES_ERROR;
				CLANG_WARN_DOCUMENTATION_COMMENTS = YES;
				CLANG_WARN_EMPTY_BODY = YES;
				CLANG_WARN_ENUM_CONVERSION = YES;
				CLANG_WARN_INFINITE_RECURSION = YES;
				CLANG_WARN_INT_CONVERSION = YES;
				CLANG_WARN_NON_LITERAL_NULL_CONVERSION = YES;
				CLANG_WARN_OBJC_IMPLICIT_RETAIN_SELF = YES;
				CLANG_WARN_OBJC_LITERAL_CONVERSION = YES;
				CLANG_WARN_OBJC_ROOT_CLASS = YES_ERROR;
				CLANG_WARN_QUOTED_INCLUDE_IN_FRAMEWORK_HEADER = YES;
				CLANG_WARN_RANGE_LOOP_ANALYSIS = YES;
				CLANG_WARN_STRICT_PROTOTYPES = YES;
				CLANG_WARN_SUSPICIOUS_MOVE = YES;
				CLANG_WARN_UNGUARDED_AVAILABILITY = YES_AGGRESSIVE;
				CLANG_WARN_UNREACHABLE_CODE = YES;
				CLANG_WARN__DUPLICATE_METHOD_MATCH = YES;
				COPY_PHASE_STRIP = NO;
				DEBUG_INFORMATION_FORMAT = "dwarf-with-dsym";
				ENABLE_NS_ASSERTIONS = NO;
				ENABLE_STRICT_OBJC_MSGSEND = YES;
				ENABLE_USER_SCRIPT_SANDBOXING = YES;
				GCC_C_LANGUAGE_STANDARD = gnu17;
				GCC_NO_COMMON_BLOCKS = YES;
				GCC_WARN_64_TO_32_BIT_CONVERSION = YES;
				GCC_WARN_ABOUT_RETURN_TYPE = YES_ERROR;
				GCC_WARN_UNDECLARED_SELECTOR = YES;
				GCC_WARN_UNINITIALIZED_AUTOS = YES_AGGRESSIVE;
				GCC_WARN_UNUSED_FUNCTION = YES;
				GCC_WARN_UNUSED_VARIABLE = YES;
				IPHONEOS_DEPLOYMENT_TARGET = 15.0;
				LOCALIZATION_PREFERS_STRING_CATALOGS = YES;
				MTL_ENABLE_DEBUG_INFO = NO;
				MTL_FAST_MATH = YES;
				SDKROOT = iphoneos;
				SWIFT_COMPILATION_MODE = wholemodule;
				VALIDATE_PRODUCT = YES;
			};
			name = Release;
		};
		3A5DCBC82BA39A98009D14E8 /* Debug */ = {
			isa = XCBuildConfiguration;
			buildSettings = {
				ASSETCATALOG_COMPILER_APPICON_NAME = AppIcon;
				ASSETCATALOG_COMPILER_GLOBAL_ACCENT_COLOR_NAME = AccentColor;
				CODE_SIGN_STYLE = Automatic;
				CURRENT_PROJECT_VERSION = 1;
				DEVELOPMENT_ASSET_PATHS = "\"SampleKMMIOSApp/Preview Content\"";
				DEVELOPMENT_TEAM = A6X8H2KUYJ;
				ENABLE_PREVIEWS = YES;
				GENERATE_INFOPLIST_FILE = YES;
				INFOPLIST_KEY_UIApplicationSceneManifest_Generation = YES;
				INFOPLIST_KEY_UIApplicationSupportsIndirectInputEvents = YES;
				INFOPLIST_KEY_UILaunchScreen_Generation = YES;
				INFOPLIST_KEY_UISupportedInterfaceOrientations_iPad = "UIInterfaceOrientationPortrait UIInterfaceOrientationPortraitUpsideDown UIInterfaceOrientationLandscapeLeft UIInterfaceOrientationLandscapeRight";
				INFOPLIST_KEY_UISupportedInterfaceOrientations_iPhone = "UIInterfaceOrientationPortrait UIInterfaceOrientationLandscapeLeft UIInterfaceOrientationLandscapeRight";
				IPHONEOS_DEPLOYMENT_TARGET = 15.0;
				LD_RUNPATH_SEARCH_PATHS = (
					"$(inherited)",
					"@executable_path/Frameworks",
				);
				MARKETING_VERSION = 1.0;
				PRODUCT_BUNDLE_IDENTIFIER = com.forgerock.ios.sdk.swiftui.SampleKMMIOSApp;
				PRODUCT_NAME = "$(TARGET_NAME)";
				SWIFT_EMIT_LOC_STRINGS = YES;
				SWIFT_VERSION = 5.0;
				TARGETED_DEVICE_FAMILY = "1,2";
			};
			name = Debug;
		};
		3A5DCBC92BA39A98009D14E8 /* Release */ = {
			isa = XCBuildConfiguration;
			buildSettings = {
				ASSETCATALOG_COMPILER_APPICON_NAME = AppIcon;
				ASSETCATALOG_COMPILER_GLOBAL_ACCENT_COLOR_NAME = AccentColor;
				CODE_SIGN_STYLE = Automatic;
				CURRENT_PROJECT_VERSION = 1;
				DEVELOPMENT_ASSET_PATHS = "\"SampleKMMIOSApp/Preview Content\"";
				DEVELOPMENT_TEAM = A6X8H2KUYJ;
				ENABLE_PREVIEWS = YES;
				GENERATE_INFOPLIST_FILE = YES;
				INFOPLIST_KEY_UIApplicationSceneManifest_Generation = YES;
				INFOPLIST_KEY_UIApplicationSupportsIndirectInputEvents = YES;
				INFOPLIST_KEY_UILaunchScreen_Generation = YES;
				INFOPLIST_KEY_UISupportedInterfaceOrientations_iPad = "UIInterfaceOrientationPortrait UIInterfaceOrientationPortraitUpsideDown UIInterfaceOrientationLandscapeLeft UIInterfaceOrientationLandscapeRight";
				INFOPLIST_KEY_UISupportedInterfaceOrientations_iPhone = "UIInterfaceOrientationPortrait UIInterfaceOrientationLandscapeLeft UIInterfaceOrientationLandscapeRight";
				IPHONEOS_DEPLOYMENT_TARGET = 15.0;
				LD_RUNPATH_SEARCH_PATHS = (
					"$(inherited)",
					"@executable_path/Frameworks",
				);
				MARKETING_VERSION = 1.0;
				PRODUCT_BUNDLE_IDENTIFIER = com.forgerock.ios.sdk.swiftui.SampleKMMIOSApp;
				PRODUCT_NAME = "$(TARGET_NAME)";
				SWIFT_EMIT_LOC_STRINGS = YES;
				SWIFT_VERSION = 5.0;
				TARGETED_DEVICE_FAMILY = "1,2";
			};
			name = Release;
		};
		3A5DCBCB2BA39A98009D14E8 /* Debug */ = {
			isa = XCBuildConfiguration;
			buildSettings = {
				ALWAYS_EMBED_SWIFT_STANDARD_LIBRARIES = YES;
				BUNDLE_LOADER = "$(TEST_HOST)";
				CODE_SIGN_STYLE = Automatic;
				CURRENT_PROJECT_VERSION = 1;
				DEVELOPMENT_TEAM = A6X8H2KUYJ;
				GENERATE_INFOPLIST_FILE = YES;
				IPHONEOS_DEPLOYMENT_TARGET = 17.0;
				MARKETING_VERSION = 1.0;
				PRODUCT_BUNDLE_IDENTIFIER = com.forgerock.ios.sdk.swiftui.SampleKMMIOSAppTests;
				PRODUCT_NAME = "$(TARGET_NAME)";
				SWIFT_EMIT_LOC_STRINGS = NO;
				SWIFT_VERSION = 5.0;
				TARGETED_DEVICE_FAMILY = "1,2";
				TEST_HOST = "$(BUILT_PRODUCTS_DIR)/SampleKMMIOSApp.app/$(BUNDLE_EXECUTABLE_FOLDER_PATH)/SampleKMMIOSApp";
			};
			name = Debug;
		};
		3A5DCBCC2BA39A98009D14E8 /* Release */ = {
			isa = XCBuildConfiguration;
			buildSettings = {
				ALWAYS_EMBED_SWIFT_STANDARD_LIBRARIES = YES;
				BUNDLE_LOADER = "$(TEST_HOST)";
				CODE_SIGN_STYLE = Automatic;
				CURRENT_PROJECT_VERSION = 1;
				DEVELOPMENT_TEAM = A6X8H2KUYJ;
				GENERATE_INFOPLIST_FILE = YES;
				IPHONEOS_DEPLOYMENT_TARGET = 17.0;
				MARKETING_VERSION = 1.0;
				PRODUCT_BUNDLE_IDENTIFIER = com.forgerock.ios.sdk.swiftui.SampleKMMIOSAppTests;
				PRODUCT_NAME = "$(TARGET_NAME)";
				SWIFT_EMIT_LOC_STRINGS = NO;
				SWIFT_VERSION = 5.0;
				TARGETED_DEVICE_FAMILY = "1,2";
				TEST_HOST = "$(BUILT_PRODUCTS_DIR)/SampleKMMIOSApp.app/$(BUNDLE_EXECUTABLE_FOLDER_PATH)/SampleKMMIOSApp";
			};
			name = Release;
		};
		3A5DCBCE2BA39A98009D14E8 /* Debug */ = {
			isa = XCBuildConfiguration;
			buildSettings = {
				ALWAYS_EMBED_SWIFT_STANDARD_LIBRARIES = YES;
				CODE_SIGN_STYLE = Automatic;
				CURRENT_PROJECT_VERSION = 1;
				DEVELOPMENT_TEAM = A6X8H2KUYJ;
				GENERATE_INFOPLIST_FILE = YES;
				MARKETING_VERSION = 1.0;
				PRODUCT_BUNDLE_IDENTIFIER = com.forgerock.ios.sdk.swiftui.SampleKMMIOSAppUITests;
				PRODUCT_NAME = "$(TARGET_NAME)";
				SWIFT_EMIT_LOC_STRINGS = NO;
				SWIFT_VERSION = 5.0;
				TARGETED_DEVICE_FAMILY = "1,2";
				TEST_TARGET_NAME = SampleKMMIOSApp;
			};
			name = Debug;
		};
		3A5DCBCF2BA39A98009D14E8 /* Release */ = {
			isa = XCBuildConfiguration;
			buildSettings = {
				ALWAYS_EMBED_SWIFT_STANDARD_LIBRARIES = YES;
				CODE_SIGN_STYLE = Automatic;
				CURRENT_PROJECT_VERSION = 1;
				DEVELOPMENT_TEAM = A6X8H2KUYJ;
				GENERATE_INFOPLIST_FILE = YES;
				MARKETING_VERSION = 1.0;
				PRODUCT_BUNDLE_IDENTIFIER = com.forgerock.ios.sdk.swiftui.SampleKMMIOSAppUITests;
				PRODUCT_NAME = "$(TARGET_NAME)";
				SWIFT_EMIT_LOC_STRINGS = NO;
				SWIFT_VERSION = 5.0;
				TARGETED_DEVICE_FAMILY = "1,2";
				TEST_TARGET_NAME = SampleKMMIOSApp;
			};
			name = Release;
		};
/* End XCBuildConfiguration section */

/* Begin XCConfigurationList section */
		3A5DCB9E2BA39A96009D14E8 /* Build configuration list for PBXProject "SampleKMMIOSApp" */ = {
			isa = XCConfigurationList;
			buildConfigurations = (
				3A5DCBC52BA39A98009D14E8 /* Debug */,
				3A5DCBC62BA39A98009D14E8 /* Release */,
			);
			defaultConfigurationIsVisible = 0;
			defaultConfigurationName = Release;
		};
		3A5DCBC72BA39A98009D14E8 /* Build configuration list for PBXNativeTarget "SampleKMMIOSApp" */ = {
			isa = XCConfigurationList;
			buildConfigurations = (
				3A5DCBC82BA39A98009D14E8 /* Debug */,
				3A5DCBC92BA39A98009D14E8 /* Release */,
			);
			defaultConfigurationIsVisible = 0;
			defaultConfigurationName = Release;
		};
		3A5DCBCA2BA39A98009D14E8 /* Build configuration list for PBXNativeTarget "SampleKMMIOSAppTests" */ = {
			isa = XCConfigurationList;
			buildConfigurations = (
				3A5DCBCB2BA39A98009D14E8 /* Debug */,
				3A5DCBCC2BA39A98009D14E8 /* Release */,
			);
			defaultConfigurationIsVisible = 0;
			defaultConfigurationName = Release;
		};
		3A5DCBCD2BA39A98009D14E8 /* Build configuration list for PBXNativeTarget "SampleKMMIOSAppUITests" */ = {
			isa = XCConfigurationList;
			buildConfigurations = (
				3A5DCBCE2BA39A98009D14E8 /* Debug */,
				3A5DCBCF2BA39A98009D14E8 /* Release */,
			);
			defaultConfigurationIsVisible = 0;
			defaultConfigurationName = Release;
		};
/* End XCConfigurationList section */
	};
	rootObject = 3A5DCB9B2BA39A96009D14E8 /* Project object */;
}
